
Microsoft Visual Studio Solution File, Format Version 12.00
# Visual Studio Version 16
VisualStudioVersion = 16.0.31702.278
MinimumVisualStudioVersion = 10.0.40219.1
Project("{9A19103F-16F7-4668-BE54-9A1E7A4F7556}") = "Maverick.Books.Api", "Maverick.BookEvaluation\Maverick.Books.Api.csproj", "{340CBC57-CBBC-49D5-B35B-7AED20266502}"
EndProject
Project("{FAE04EC0-301F-11D3-BF4B-00C04F79EFBC}") = "Maverick.Books.Domain", "Maverick.Books.Domain\Maverick.Books.Domain.csproj", "{D32BAED9-A2F8-4AC3-8551-A4E4E1DBE7F8}"
EndProject
Global
	GlobalSection(SolutionConfigurationPlatforms) = preSolution
		Debug|Any CPU = Debug|Any CPU
		Release|Any CPU = Release|Any CPU
	EndGlobalSection
	GlobalSection(ProjectConfigurationPlatforms) = postSolution
		{340CBC57-CBBC-49D5-B35B-7AED20266502}.Debug|Any CPU.ActiveCfg = Debug|Any CPU
		{340CBC57-CBBC-49D5-B35B-7AED20266502}.Debug|Any CPU.Build.0 = Debug|Any CPU
		{340CBC57-CBBC-49D5-B35B-7AED20266502}.Release|Any CPU.ActiveCfg = Release|Any CPU
		{340CBC57-CBBC-49D5-B35B-7AED20266502}.Release|Any CPU.Build.0 = Release|Any CPU
		{D32BAED9-A2F8-4AC3-8551-A4E4E1DBE7F8}.Debug|Any CPU.ActiveCfg = Debug|Any CPU
		{D32BAED9-A2F8-4AC3-8551-A4E4E1DBE7F8}.Debug|Any CPU.Build.0 = Debug|Any CPU
		{D32BAED9-A2F8-4AC3-8551-A4E4E1DBE7F8}.Release|Any CPU.ActiveCfg = Release|Any CPU
		{D32BAED9-A2F8-4AC3-8551-A4E4E1DBE7F8}.Release|Any CPU.Build.0 = Release|Any CPU
	EndGlobalSection
	GlobalSection(SolutionProperties) = preSolution
		HideSolutionNode = FALSE
	EndGlobalSection
	GlobalSection(ExtensibilityGlobals) = postSolution
		SolutionGuid = {9E51A17B-A17B-4A10-8500-B0EF525309EE}
	EndGlobalSection
EndGlobal
